{
  "name": "vibe_coding_workshop",
  "version": "1.0.0",
  "lockfileVersion": 3,
  "requires": true,
  "packages": {
    "": {
      "name": "vibe_coding_workshop",
      "version": "1.0.0",
      "license": "ISC",
      "dependencies": {
        "@sylphai/adal-cli": "^0.8.1"
      }
    },
    "node_modules/@sylphai/adal-cli": {
      "version": "0.8.1",
      "resolved": "https://registry.npmjs.org/@sylphai/adal-cli/-/adal-cli-0.8.1.tgz",
      "integrity": "sha512-zlM1n95Tm1Cv6Bq5/qNjUWX3HKAn1XjAcO9EuxsZV/tgDLQI8EJ3sIU5U1J8GNZEMmQ/0HPZL5vrEXJdcQtkWA==",
      "hasInstallScript": true,
      "license": "SylphAI Proprietary",
      "bin": {
        "adal": "bin/adal-cli.js"
      },
      "engines": {
        "node": ">=20.0.0"
      },
      "optionalDependencies": {
        "@sylphai/adal-cli-darwin-arm64": "0.8.1",
        "@sylphai/adal-cli-darwin-x64": "0.8.1",
        "@sylphai/adal-cli-linux-x64": "0.8.1",
        "@sylphai/adal-cli-win32-x64": "0.8.1"
      }
    },
    "node_modules/@sylphai/adal-cli-darwin-arm64": {
      "version": "0.8.1",
      "resolved": "https://registry.npmjs.org/@sylphai/adal-cli-darwin-arm64/-/adal-cli-darwin-arm64-0.8.1.tgz",
      "integrity": "sha512-3jKqQTjnUG28EhAr0kiZBJFxmR0pgHSf4dXz+jYCJttsAAehlBJ6b1vjnjGzhGRBXdxYX/nWYlq5NjvtZtSDew==",
      "cpu": [
        "arm64"
      ],
      "hasInstallScript": true,
      "license": "SylphAI Proprietary",
      "optional": true,
      "os": [
        "darwin"
      ],
      "bin": {
        "adal": "adal"
      }
    },
    "node_modules/@sylphai/adal-cli-darwin-x64": {
      "version": "0.8.1",
      "resolved": "https://registry.npmjs.org/@sylphai/adal-cli-darwin-x64/-/adal-cli-darwin-x64-0.8.1.tgz",
      "integrity": "sha512-9gplwZY+ScDKogvVQ9PfUQgo700PAmA67OGd3dAaeKLdo3tHh5sMmtQUqRoIW8+4SLnuc6gn4xFA0FRC+7U7qA==",
      "cpu": [
        "x64"
      ],
      "hasInstallScript": true,
      "license": "SylphAI Proprietary",
      "optional": true,
      "os": [
        "darwin"
      ],
      "bin": {
        "adal": "adal"
      }
    },
    "node_modules/@sylphai/adal-cli-linux-x64": {
      "version": "0.8.1",
      "resolved": "https://registry.npmjs.org/@sylphai/adal-cli-linux-x64/-/adal-cli-linux-x64-0.8.1.tgz",
      "integrity": "sha512-TxOLfcsf4tABg2aU6GOYoLNVuOyR1kzixgWZ58H7zj79wX2Zt9Me/FkBQN5kJLW7MtXpwQwQl8QOMQN71wAwYw==",
      "cpu": [
        "x64"
      ],
      "hasInstallScript": true,
      "license": "SylphAI Proprietary",
      "optional": true,
      "os": [
        "linux"
      ],
      "bin": {
        "adal": "adal"
      }
    },
    "node_modules/@sylphai/adal-cli-win32-x64": {
      "version": "0.8.1",
      "resolved": "https://registry.npmjs.org/@sylphai/adal-cli-win32-x64/-/adal-cli-win32-x64-0.8.1.tgz",
      "integrity": "sha512-z/IIb/BQkYHxHfE4EdyLQS10ek6VIsCyqsVpd3rbx7eJhY4emCQS8q9miSm5/TsVbtcEe1LItVpz5Ji3glK9YQ==",
      "cpu": [
        "x64"
      ],
      "hasInstallScript": true,
      "license": "SylphAI Proprietary",
      "optional": true,
      "os": [
        "win32"
      ],
      "bin": {
        "adal": "adal.cmd"
      }
    }
  }
}
